
Microsoft Visual Studio Solution File, Format Version 12.00
# Visual Studio Version 17
VisualStudioVersion = 17.7.34024.191
MinimumVisualStudioVersion = 10.0.40219.1
Project("{D2ABAB84-BF74-430A-B69E-9DC6D40DDA17}") = "finalAS", "finalAS\finalAS.dwproj", "{0FCB10D8-66D0-41CF-94E8-D7A3344B18DF}"
EndProject
Global
	GlobalSection(SolutionConfigurationPlatforms) = preSolution
		Development|Default = Development|Default
	EndGlobalSection
	GlobalSection(ProjectConfigurationPlatforms) = postSolution
		{0FCB10D8-66D0-41CF-94E8-D7A3344B18DF}.Development|Default.ActiveCfg = Development
		{0FCB10D8-66D0-41CF-94E8-D7A3344B18DF}.Development|Default.Build.0 = Development
		{0FCB10D8-66D0-41CF-94E8-D7A3344B18DF}.Development|Default.Deploy.0 = Development
	EndGlobalSection
	GlobalSection(SolutionProperties) = preSolution
		HideSolutionNode = FALSE
	EndGlobalSection
	GlobalSection(ExtensibilityGlobals) = postSolution
		SolutionGuid = {0811868E-5C2B-4BDE-9F39-0EAE96179172}
	EndGlobalSection
EndGlobal
